// !$*UTF8*$!
{
	archiveVersion = 1;
	classes = {
	};
	objectVersion = 56;
	objects = {

/* Begin PBXBuildFile section */
		A10000000000000000000001 /* KonnectMacApp.swift in Sources */ = {isa = PBXBuildFile; fileRef = B10000000000000000000001 /* KonnectMacApp.swift */; };
		A10000000000000000000002 /* MenuBarView.swift in Sources */ = {isa = PBXBuildFile; fileRef = B10000000000000000000002 /* MenuBarView.swift */; };
		A869B71B2A424FC7B870BCE8 /* MainView.swift in Sources */ = {isa = PBXBuildFile; fileRef = 910B6BCFA91447EEA5C68247 /* MainView.swift */; };
		A10000000000000000000003 /* OnboardingView.swift in Sources */ = {isa = PBXBuildFile; fileRef = B10000000000000000000003 /* OnboardingView.swift */; };
		A10000000000000000000004 /* PreferencesView.swift in Sources */ = {isa = PBXBuildFile; fileRef = B10000000000000000000004 /* PreferencesView.swift */; };
		A10000000000000000000005 /* NotificationPanelView.swift in Sources */ = {isa = PBXBuildFile; fileRef = B10000000000000000000005 /* NotificationPanelView.swift */; };
		A10000000000000000000010 /* NetworkPacket.swift in Sources */ = {isa = PBXBuildFile; fileRef = B10000000000000000000010 /* NetworkPacket.swift */; };
		A10000000000000000000011 /* Config.swift in Sources */ = {isa = PBXBuildFile; fileRef = B10000000000000000000011 /* Config.swift */; };
		A10000000000000000000012 /* Device.swift in Sources */ = {isa = PBXBuildFile; fileRef = B10000000000000000000012 /* Device.swift */; };
		B07CD21E8EA241EE9F2B6767 /* SMSStore.swift in Sources */ = {isa = PBXBuildFile; fileRef = BBAD032279714103AB4AE3C2 /* SMSStore.swift */; };
		A10000000000000000000014 /* DeviceManager.swift in Sources */ = {isa = PBXBuildFile; fileRef = B10000000000000000000014 /* DeviceManager.swift */; };
		A10000000000000000000015 /* CertificateManager.swift in Sources */ = {isa = PBXBuildFile; fileRef = B10000000000000000000015 /* CertificateManager.swift */; };
		A10000000000000000000016 /* Logger.swift in Sources */ = {isa = PBXBuildFile; fileRef = B10000000000000000000016 /* Logger.swift */; };
		A10000000000000000000017 /* NotificationStore.swift in Sources */ = {isa = PBXBuildFile; fileRef = B10000000000000000000017 /* NotificationStore.swift */; };
		A10000000000000000000020 /* UDPDiscovery.swift in Sources */ = {isa = PBXBuildFile; fileRef = B10000000000000000000020 /* UDPDiscovery.swift */; };
		A10000000000000000000021 /* LanServer.swift in Sources */ = {isa = PBXBuildFile; fileRef = B10000000000000000000021 /* LanServer.swift */; };
		A10000000000000000000022 /* KDEConnection.swift in Sources */ = {isa = PBXBuildFile; fileRef = B10000000000000000000022 /* KDEConnection.swift */; };
		A10000000000000000000024 /* VerificationKeyHelper.swift in Sources */ = {isa = PBXBuildFile; fileRef = B10000000000000000000024 /* VerificationKeyHelper.swift */; };
		A10000000000000000000030 /* PairingHandler.swift in Sources */ = {isa = PBXBuildFile; fileRef = B10000000000000000000030 /* PairingHandler.swift */; };
		A10000000000000000000040 /* PluginProtocol.swift in Sources */ = {isa = PBXBuildFile; fileRef = B10000000000000000000040 /* PluginProtocol.swift */; };
		A10000000000000000000041 /* PingPlugin.swift in Sources */ = {isa = PBXBuildFile; fileRef = B10000000000000000000041 /* PingPlugin.swift */; };
		F3E86B5104644560948FA61D /* SMSPlugin.swift in Sources */ = {isa = PBXBuildFile; fileRef = 4F41C83DC80A453886E92B78 /* SMSPlugin.swift */; };
		A10000000000000000000042 /* BatteryPlugin.swift in Sources */ = {isa = PBXBuildFile; fileRef = B10000000000000000000042 /* BatteryPlugin.swift */; };
		A10000000000000000000043 /* NotificationPlugin.swift in Sources */ = {isa = PBXBuildFile; fileRef = B10000000000000000000043 /* NotificationPlugin.swift */; };
		A10000000000000000000044 /* TelephonyPlugin.swift in Sources */ = {isa = PBXBuildFile; fileRef = B10000000000000000000044 /* TelephonyPlugin.swift */; };
		A10000000000000000000045 /* ClipboardPlugin.swift in Sources */ = {isa = PBXBuildFile; fileRef = B10000000000000000000045 /* ClipboardPlugin.swift */; };
		A10000000000000000000046 /* FindMyPhonePlugin.swift in Sources */ = {isa = PBXBuildFile; fileRef = B10000000000000000000046 /* FindMyPhonePlugin.swift */; };
		A10000000000000000000047 /* SharePlugin.swift in Sources */ = {isa = PBXBuildFile; fileRef = B10000000000000000000047 /* SharePlugin.swift */; };
		A10000000000000000000050 /* Assets.xcassets in Resources */ = {isa = PBXBuildFile; fileRef = B10000000000000000000050 /* Assets.xcassets */; };
		A10000000000000000000051 /* AppIcon.icns in Resources */ = {isa = PBXBuildFile; fileRef = B10000000000000000000053 /* AppIcon.icns */; };
/* End PBXBuildFile section */

/* Begin PBXFileReference section */
		C10000000000000000000001 /* KonnectMac.app */ = {isa = PBXFileReference; explicitFileType = wrapper.application; includeInIndex = 0; path = KonnectMac.app; sourceTree = BUILT_PRODUCTS_DIR; };
		B10000000000000000000001 /* KonnectMacApp.swift */ = {isa = PBXFileReference; lastKnownFileType = sourcecode.swift; path = KonnectMacApp.swift; sourceTree = "<group>"; };
		B10000000000000000000002 /* MenuBarView.swift */ = {isa = PBXFileReference; lastKnownFileType = sourcecode.swift; path = MenuBarView.swift; sourceTree = "<group>"; };
		910B6BCFA91447EEA5C68247 /* MainView.swift */ = {isa = PBXFileReference; lastKnownFileType = sourcecode.swift; path = MainView.swift; sourceTree = "<group>"; };
		B10000000000000000000003 /* OnboardingView.swift */ = {isa = PBXFileReference; lastKnownFileType = sourcecode.swift; path = OnboardingView.swift; sourceTree = "<group>"; };
		B10000000000000000000004 /* PreferencesView.swift */ = {isa = PBXFileReference; lastKnownFileType = sourcecode.swift; path = PreferencesView.swift; sourceTree = "<group>"; };
		B10000000000000000000005 /* NotificationPanelView.swift */ = {isa = PBXFileReference; lastKnownFileType = sourcecode.swift; path = NotificationPanelView.swift; sourceTree = "<group>"; };
		B10000000000000000000010 /* NetworkPacket.swift */ = {isa = PBXFileReference; lastKnownFileType = sourcecode.swift; path = NetworkPacket.swift; sourceTree = "<group>"; };
		B10000000000000000000011 /* Config.swift */ = {isa = PBXFileReference; lastKnownFileType = sourcecode.swift; path = Config.swift; sourceTree = "<group>"; };
		B10000000000000000000012 /* Device.swift */ = {isa = PBXFileReference; lastKnownFileType = sourcecode.swift; path = Device.swift; sourceTree = "<group>"; };
		BBAD032279714103AB4AE3C2 /* SMSStore.swift */ = {isa = PBXFileReference; lastKnownFileType = sourcecode.swift; path = SMSStore.swift; sourceTree = "<group>"; };
		B10000000000000000000014 /* DeviceManager.swift */ = {isa = PBXFileReference; lastKnownFileType = sourcecode.swift; path = DeviceManager.swift; sourceTree = "<group>"; };
		B10000000000000000000015 /* CertificateManager.swift */ = {isa = PBXFileReference; lastKnownFileType = sourcecode.swift; path = CertificateManager.swift; sourceTree = "<group>"; };
		B10000000000000000000016 /* Logger.swift */ = {isa = PBXFileReference; lastKnownFileType = sourcecode.swift; path = Logger.swift; sourceTree = "<group>"; };
		B10000000000000000000017 /* NotificationStore.swift */ = {isa = PBXFileReference; lastKnownFileType = sourcecode.swift; path = NotificationStore.swift; sourceTree = "<group>"; };
		B10000000000000000000020 /* UDPDiscovery.swift */ = {isa = PBXFileReference; lastKnownFileType = sourcecode.swift; path = UDPDiscovery.swift; sourceTree = "<group>"; };
		B10000000000000000000021 /* LanServer.swift */ = {isa = PBXFileReference; lastKnownFileType = sourcecode.swift; path = LanServer.swift; sourceTree = "<group>"; };
		B10000000000000000000022 /* KDEConnection.swift */ = {isa = PBXFileReference; lastKnownFileType = sourcecode.swift; path = KDEConnection.swift; sourceTree = "<group>"; };
		B10000000000000000000024 /* VerificationKeyHelper.swift */ = {isa = PBXFileReference; lastKnownFileType = sourcecode.swift; path = VerificationKeyHelper.swift; sourceTree = "<group>"; };
		B10000000000000000000030 /* PairingHandler.swift */ = {isa = PBXFileReference; lastKnownFileType = sourcecode.swift; path = PairingHandler.swift; sourceTree = "<group>"; };
		B10000000000000000000040 /* PluginProtocol.swift */ = {isa = PBXFileReference; lastKnownFileType = sourcecode.swift; path = PluginProtocol.swift; sourceTree = "<group>"; };
		B10000000000000000000041 /* PingPlugin.swift */ = {isa = PBXFileReference; lastKnownFileType = sourcecode.swift; path = PingPlugin.swift; sourceTree = "<group>"; };
		4F41C83DC80A453886E92B78 /* SMSPlugin.swift */ = {isa = PBXFileReference; lastKnownFileType = sourcecode.swift; path = SMSPlugin.swift; sourceTree = "<group>"; };
		B10000000000000000000042 /* BatteryPlugin.swift */ = {isa = PBXFileReference; lastKnownFileType = sourcecode.swift; path = BatteryPlugin.swift; sourceTree = "<group>"; };
		B10000000000000000000043 /* NotificationPlugin.swift */ = {isa = PBXFileReference; lastKnownFileType = sourcecode.swift; path = NotificationPlugin.swift; sourceTree = "<group>"; };
		B10000000000000000000044 /* TelephonyPlugin.swift */ = {isa = PBXFileReference; lastKnownFileType = sourcecode.swift; path = TelephonyPlugin.swift; sourceTree = "<group>"; };
		B10000000000000000000045 /* ClipboardPlugin.swift */ = {isa = PBXFileReference; lastKnownFileType = sourcecode.swift; path = ClipboardPlugin.swift; sourceTree = "<group>"; };
		B10000000000000000000046 /* FindMyPhonePlugin.swift */ = {isa = PBXFileReference; lastKnownFileType = sourcecode.swift; path = FindMyPhonePlugin.swift; sourceTree = "<group>"; };
		B10000000000000000000047 /* SharePlugin.swift */ = {isa = PBXFileReference; lastKnownFileType = sourcecode.swift; path = SharePlugin.swift; sourceTree = "<group>"; };
		B10000000000000000000050 /* Assets.xcassets */ = {isa = PBXFileReference; lastKnownFileType = folder.assetcatalog; path = Resources/Assets.xcassets; sourceTree = "<group>"; };
		B10000000000000000000053 /* AppIcon.icns */ = {isa = PBXFileReference; lastKnownFileType = image.icns; path = Resources/AppIcon.icns; sourceTree = "<group>"; };
		B10000000000000000000051 /* Info.plist */ = {isa = PBXFileReference; lastKnownFileType = text.plist.xml; path = Info.plist; sourceTree = "<group>"; };
		B10000000000000000000052 /* KonnectMac.entitlements */ = {isa = PBXFileReference; lastKnownFileType = text.plist.entitlements; path = KonnectMac.entitlements; sourceTree = "<group>"; };
/* End PBXFileReference section */

/* Begin PBXFrameworksBuildPhase section */
		D10000000000000000000001 /* Frameworks */ = {
			isa = PBXFrameworksBuildPhase;
			buildActionMask = 2147483647;
			files = (
			);
			runOnlyForDeploymentPostprocessing = 0;
		};
/* End PBXFrameworksBuildPhase section */

/* Begin PBXGroup section */
		E10000000000000000000001 /* = root group = */ = {
			isa = PBXGroup;
			children = (
				E10000000000000000000002 /* KonnectMac */,
				E10000000000000000000099 /* Products */,
			);
			sourceTree = "<group>";
		};
		E10000000000000000000099 /* Products */ = {
			isa = PBXGroup;
			children = (
				C10000000000000000000001 /* KonnectMac.app */,
			);
			name = Products;
			sourceTree = "<group>";
		};
		E10000000000000000000002 /* KonnectMac */ = {
			isa = PBXGroup;
			children = (
				B10000000000000000000001 /* KonnectMacApp.swift */,
				B10000000000000000000002 /* MenuBarView.swift */,
				910B6BCFA91447EEA5C68247 /* MainView.swift */,
				B10000000000000000000003 /* OnboardingView.swift */,
				B10000000000000000000004 /* PreferencesView.swift */,
				B10000000000000000000005 /* NotificationPanelView.swift */,
				E10000000000000000000003 /* Core */,
				E10000000000000000000004 /* Network */,
				E10000000000000000000005 /* Pairing */,
				E10000000000000000000006 /* Plugins */,
				B10000000000000000000050 /* Assets.xcassets */,
				B10000000000000000000053 /* AppIcon.icns */,
				B10000000000000000000051 /* Info.plist */,
				B10000000000000000000052 /* KonnectMac.entitlements */,
			);
			path = KonnectMac;
			sourceTree = "<group>";
		};
		E10000000000000000000003 /* Core */ = {
			isa = PBXGroup;
			children = (
				B10000000000000000000010 /* NetworkPacket.swift */,
				B10000000000000000000011 /* Config.swift */,
				B10000000000000000000012 /* Device.swift */,
				BBAD032279714103AB4AE3C2 /* SMSStore.swift */,
				B10000000000000000000014 /* DeviceManager.swift */,
				B10000000000000000000015 /* CertificateManager.swift */,
				B10000000000000000000016 /* Logger.swift */,
				B10000000000000000000017 /* NotificationStore.swift */,
			);
			path = Core;
			sourceTree = "<group>";
		};
		E10000000000000000000004 /* Network */ = {
			isa = PBXGroup;
			children = (
				B10000000000000000000020 /* UDPDiscovery.swift */,
				B10000000000000000000021 /* LanServer.swift */,
				B10000000000000000000022 /* KDEConnection.swift */,
				B10000000000000000000024 /* VerificationKeyHelper.swift */,
			);
			path = Network;
			sourceTree = "<group>";
		};
		E10000000000000000000005 /* Pairing */ = {
			isa = PBXGroup;
			children = (
				B10000000000000000000030 /* PairingHandler.swift */,
			);
			path = Pairing;
			sourceTree = "<group>";
		};
		E10000000000000000000006 /* Plugins */ = {
			isa = PBXGroup;
			children = (
				B10000000000000000000040 /* PluginProtocol.swift */,
				B10000000000000000000041 /* PingPlugin.swift */,
				4F41C83DC80A453886E92B78 /* SMSPlugin.swift */,
				B10000000000000000000042 /* BatteryPlugin.swift */,
				B10000000000000000000043 /* NotificationPlugin.swift */,
				B10000000000000000000044 /* TelephonyPlugin.swift */,
				B10000000000000000000045 /* ClipboardPlugin.swift */,
				B10000000000000000000046 /* FindMyPhonePlugin.swift */,
				B10000000000000000000047 /* SharePlugin.swift */,
			);
			path = Plugins;
			sourceTree = "<group>";
		};
/* End PBXGroup section */

/* Begin PBXNativeTarget section */
		F10000000000000000000001 /* KonnectMac */ = {
			isa = PBXNativeTarget;
			buildConfigurationList = F20000000000000000000001 /* Build configuration list for PBXNativeTarget "KonnectMac" */;
			buildPhases = (
				F30000000000000000000001 /* Sources */,
				D10000000000000000000001 /* Frameworks */,
				F40000000000000000000001 /* Resources */,
			);
			buildRules = (
			);
			dependencies = (
			);
			name = KonnectMac;
			productName = KonnectMac;
			productReference = C10000000000000000000001 /* KonnectMac.app */;
			productType = "com.apple.product-type.application";
		};
/* End PBXNativeTarget section */

/* Begin PBXProject section */
		F50000000000000000000001 /* Project object */ = {
			isa = PBXProject;
			attributes = {
				BuildIndependentTargetsInParallel = 1;
				LastSwiftUpdateCheck = 1500;
				LastUpgradeCheck = 1500;
				TargetAttributes = {
					F10000000000000000000001 = {
						CreatedOnToolsVersion = 15.0;
					};
				};
			};
			buildConfigurationList = F60000000000000000000001 /* Build configuration list for PBXProject "KonnectMac" */;
			compatibilityVersion = "Xcode 14.0";
			developmentRegion = en;
			hasScannedForEncodings = 0;
			knownRegions = (
				en,
				Base,
			);
			mainGroup = E10000000000000000000001;
			productRefGroup = E10000000000000000000099 /* Products */;
			projectDirPath = "";
			projectRoot = "";
			targets = (
				F10000000000000000000001 /* KonnectMac */,
			);
		};
/* End PBXProject section */

/* Begin PBXResourcesBuildPhase section */
		F40000000000000000000001 /* Resources */ = {
			isa = PBXResourcesBuildPhase;
			buildActionMask = 2147483647;
			files = (
				A10000000000000000000050 /* Assets.xcassets in Resources */,
				A10000000000000000000051 /* AppIcon.icns in Resources */,
			);
			runOnlyForDeploymentPostprocessing = 0;
		};
/* End PBXResourcesBuildPhase section */

/* Begin PBXSourcesBuildPhase section */
		F30000000000000000000001 /* Sources */ = {
			isa = PBXSourcesBuildPhase;
			buildActionMask = 2147483647;
			files = (
				A10000000000000000000001 /* KonnectMacApp.swift in Sources */,
				A10000000000000000000002 /* MenuBarView.swift in Sources */,
				A869B71B2A424FC7B870BCE8 /* MainView.swift in Sources */,
				A10000000000000000000003 /* OnboardingView.swift in Sources */,
				A10000000000000000000004 /* PreferencesView.swift in Sources */,
				A10000000000000000000005 /* NotificationPanelView.swift in Sources */,
				A10000000000000000000010 /* NetworkPacket.swift in Sources */,
				A10000000000000000000011 /* Config.swift in Sources */,
				A10000000000000000000012 /* Device.swift in Sources */,
				B07CD21E8EA241EE9F2B6767 /* SMSStore.swift in Sources */,
				A10000000000000000000014 /* DeviceManager.swift in Sources */,
				A10000000000000000000015 /* CertificateManager.swift in Sources */,
				A10000000000000000000016 /* Logger.swift in Sources */,
				A10000000000000000000017 /* NotificationStore.swift in Sources */,
				A10000000000000000000020 /* UDPDiscovery.swift in Sources */,
				A10000000000000000000021 /* LanServer.swift in Sources */,
				A10000000000000000000022 /* KDEConnection.swift in Sources */,
				A10000000000000000000024 /* VerificationKeyHelper.swift in Sources */,
				A10000000000000000000030 /* PairingHandler.swift in Sources */,
				A10000000000000000000040 /* PluginProtocol.swift in Sources */,
				A10000000000000000000041 /* PingPlugin.swift in Sources */,
				F3E86B5104644560948FA61D /* SMSPlugin.swift in Sources */,
				A10000000000000000000042 /* BatteryPlugin.swift in Sources */,
				A10000000000000000000043 /* NotificationPlugin.swift in Sources */,
				A10000000000000000000044 /* TelephonyPlugin.swift in Sources */,
				A10000000000000000000045 /* ClipboardPlugin.swift in Sources */,
				A10000000000000000000046 /* FindMyPhonePlugin.swift in Sources */,
				A10000000000000000000047 /* SharePlugin.swift in Sources */,
			);
			runOnlyForDeploymentPostprocessing = 0;
		};
/* End PBXSourcesBuildPhase section */

/* Begin XCBuildConfiguration section */
		F70000000000000000000001 /* Debug */ = {
			isa = XCBuildConfiguration;
			buildSettings = {
				ALWAYS_SEARCH_USER_PATHS = NO;
				ASSETCATALOG_COMPILER_GENERATE_SWIFT_ASSET_SYMBOL_EXTENSIONS = YES;
				CLANG_ANALYZER_NONNULL = YES;
				CLANG_ANALYZER_NUMBER_OBJECT_CONVERSION = YES_AGGRESSIVE;
				CLANG_CXX_LANGUAGE_STANDARD = "gnu++20";
				CLANG_ENABLE_MODULES = YES;
				CLANG_ENABLE_OBJC_ARC = YES;
				CLANG_ENABLE_OBJC_WEAK = YES;
				CLANG_WARN_BLOCK_CAPTURE_AUTORELEASING = YES;
				CLANG_WARN_BOOL_CONVERSION = YES;
				CLANG_WARN_COMMA = YES;
				CLANG_WARN_CONSTANT_CONVERSION = YES;
				CLANG_WARN_DEPRECATED_OBJC_IMPLEMENTATIONS = YES;
				CLANG_WARN_DIRECT_OBJC_ISA_USAGE = YES_ERROR;
				CLANG_WARN_DOCUMENTATION_COMMENTS = YES;
				CLANG_WARN_EMPTY_BODY = YES;
				CLANG_WARN_ENUM_CONVERSION = YES;
				CLANG_WARN_INFINITE_RECURSION = YES;
				CLANG_WARN_INT_CONVERSION = YES;
				CLANG_WARN_NON_LITERAL_NULL_CONVERSION = YES;
				CLANG_WARN_OBJC_IMPLICIT_RETAIN_SELF = YES;
				CLANG_WARN_OBJC_LITERAL_CONVERSION = YES;
				CLANG_WARN_OBJC_ROOT_CLASS = YES_ERROR;
				CLANG_WARN_QUOTED_INCLUDE_IN_FRAMEWORK_HEADER = YES;
				CLANG_WARN_RANGE_LOOP_ANALYSIS = YES;
				CLANG_WARN_STRICT_PROTOTYPES = YES;
				CLANG_WARN_SUSPICIOUS_MOVE = YES;
				CLANG_WARN_UNGUARDED_AVAILABILITY = YES_AGGRESSIVE;
				CLANG_WARN_UNREACHABLE_CODE = YES;
				CLANG_WARN__DUPLICATE_METHOD_MATCH = YES;
				COPY_PHASE_STRIP = NO;
				DEBUG_INFORMATION_FORMAT = dwarf;
				ENABLE_STRICT_OBJC_MSGSEND = YES;
				ENABLE_TESTABILITY = YES;
				ENABLE_USER_SCRIPT_SANDBOXING = YES;
				GCC_C_LANGUAGE_STANDARD = gnu17;
				GCC_DYNAMIC_NO_PIC = NO;
				GCC_NO_COMMON_BLOCKS = YES;
				GCC_OPTIMIZATION_LEVEL = 0;
				GCC_PREPROCESSOR_DEFINITIONS = (
					"DEBUG=1",
					"$(inherited)",
				);
				GCC_WARN_64_TO_32_BIT_CONVERSION = YES;
				GCC_WARN_ABOUT_RETURN_TYPE = YES_ERROR;
				GCC_WARN_UNDECLARED_SELECTOR = YES;
				GCC_WARN_UNINITIALIZED_AUTOS = YES_AGGRESSIVE;
				GCC_WARN_UNUSED_FUNCTION = YES;
				GCC_WARN_UNUSED_VARIABLE = YES;
				MACOSX_DEPLOYMENT_TARGET = 14.0;
				MTL_ENABLE_DEBUG_INFO = INCLUDE_SOURCE;
				MTL_FAST_MATH = YES;
				ONLY_ACTIVE_ARCH = YES;
				SDKROOT = macosx;
				SWIFT_ACTIVE_COMPILATION_CONDITIONS = "DEBUG $(inherited)";
				SWIFT_OPTIMIZATION_LEVEL = "-Onone";
			};
			name = Debug;
		};
		F70000000000000000000002 /* Release */ = {
			isa = XCBuildConfiguration;
			buildSettings = {
				ALWAYS_SEARCH_USER_PATHS = NO;
				ASSETCATALOG_COMPILER_GENERATE_SWIFT_ASSET_SYMBOL_EXTENSIONS = YES;
				CLANG_ANALYZER_NONNULL = YES;
				CLANG_ANALYZER_NUMBER_OBJECT_CONVERSION = YES_AGGRESSIVE;
				CLANG_CXX_LANGUAGE_STANDARD = "gnu++20";
				CLANG_ENABLE_MODULES = YES;
				CLANG_ENABLE_OBJC_ARC = YES;
				CLANG_ENABLE_OBJC_WEAK = YES;
				CLANG_WARN_BLOCK_CAPTURE_AUTORELEASING = YES;
				CLANG_WARN_BOOL_CONVERSION = YES;
				CLANG_WARN_COMMA = YES;
				CLANG_WARN_CONSTANT_CONVERSION = YES;
				CLANG_WARN_DEPRECATED_OBJC_IMPLEMENTATIONS = YES;
				CLANG_WARN_DIRECT_OBJC_ISA_USAGE = YES_ERROR;
				CLANG_WARN_DOCUMENTATION_COMMENTS = YES;
				CLANG_WARN_EMPTY_BODY = YES;
				CLANG_WARN_ENUM_CONVERSION = YES;
				CLANG_WARN_INFINITE_RECURSION = YES;
				CLANG_WARN_INT_CONVERSION = YES;
				CLANG_WARN_NON_LITERAL_NULL_CONVERSION = YES;
				CLANG_WARN_OBJC_IMPLICIT_RETAIN_SELF = YES;
				CLANG_WARN_OBJC_LITERAL_CONVERSION = YES;
				CLANG_WARN_OBJC_ROOT_CLASS = YES_ERROR;
				CLANG_WARN_QUOTED_INCLUDE_IN_FRAMEWORK_HEADER = YES;
				CLANG_WARN_RANGE_LOOP_ANALYSIS = YES;
				CLANG_WARN_STRICT_PROTOTYPES = YES;
				CLANG_WARN_SUSPICIOUS_MOVE = YES;
				CLANG_WARN_UNGUARDED_AVAILABILITY = YES_AGGRESSIVE;
				CLANG_WARN_UNREACHABLE_CODE = YES;
				CLANG_WARN__DUPLICATE_METHOD_MATCH = YES;
				COPY_PHASE_STRIP = NO;
				DEBUG_INFORMATION_FORMAT = "dwarf-with-dsym";
				ENABLE_NS_ASSERTIONS = NO;
				ENABLE_STRICT_OBJC_MSGSEND = YES;
				ENABLE_USER_SCRIPT_SANDBOXING = YES;
				GCC_C_LANGUAGE_STANDARD = gnu17;
				GCC_NO_COMMON_BLOCKS = YES;
				GCC_WARN_64_TO_32_BIT_CONVERSION = YES;
				GCC_WARN_ABOUT_RETURN_TYPE = YES_ERROR;
				GCC_WARN_UNDECLARED_SELECTOR = YES;
				GCC_WARN_UNINITIALIZED_AUTOS = YES_AGGRESSIVE;
				GCC_WARN_UNUSED_FUNCTION = YES;
				GCC_WARN_UNUSED_VARIABLE = YES;
				MACOSX_DEPLOYMENT_TARGET = 14.0;
				MTL_ENABLE_DEBUG_INFO = NO;
				MTL_FAST_MATH = YES;
				SDKROOT = macosx;
				SWIFT_COMPILATION_MODE = wholemodule;
			};
			name = Release;
		};
		F80000000000000000000001 /* Debug */ = {
			isa = XCBuildConfiguration;
			buildSettings = {
				ASSETCATALOG_COMPILER_APPICON_NAME = AppIcon;
				ASSETCATALOG_COMPILER_GLOBAL_ACCENT_COLOR_NAME = AccentColor;
				CODE_SIGN_ENTITLEMENTS = KonnectMac/KonnectMac.entitlements;
				CODE_SIGN_IDENTITY = "-";
				CODE_SIGN_STYLE = Automatic;
				COMBINE_HIDPI_IMAGES = YES;
				CURRENT_PROJECT_VERSION = 1;
				DEVELOPMENT_TEAM = "";
				ENABLE_APP_SANDBOX = NO;
				ENABLE_HARDENED_RUNTIME = NO;
				GENERATE_INFOPLIST_FILE = NO;
				INFOPLIST_FILE = KonnectMac/Info.plist;
				INFOPLIST_KEY_NSHumanReadableCopyright = "";
				INFOPLIST_KEY_NSMainNibFile = "";
				INFOPLIST_KEY_NSPrincipalClass = NSApplication;
				LD_RUNPATH_SEARCH_PATHS = (
					"$(inherited)",
					"@executable_path/../Frameworks",
				);
				MARKETING_VERSION = 2.0;
				OTHER_LDFLAGS = (
					"-framework",
					Security,
				);
				PRODUCT_BUNDLE_IDENTIFIER = com.konnectmac.app;
				PRODUCT_NAME = KonnectMac;
				SWIFT_EMIT_LOC_STRINGS = YES;
				SWIFT_VERSION = 5.0;
			};
			name = Debug;
		};
		F80000000000000000000002 /* Release */ = {
			isa = XCBuildConfiguration;
			buildSettings = {
				ASSETCATALOG_COMPILER_APPICON_NAME = AppIcon;
				ASSETCATALOG_COMPILER_GLOBAL_ACCENT_COLOR_NAME = AccentColor;
				CODE_SIGN_ENTITLEMENTS = KonnectMac/KonnectMac.entitlements;
				CODE_SIGN_IDENTITY = "-";
				CODE_SIGN_STYLE = Automatic;
				COMBINE_HIDPI_IMAGES = YES;
				CURRENT_PROJECT_VERSION = 1;
				DEVELOPMENT_TEAM = "";
				ENABLE_APP_SANDBOX = NO;
				ENABLE_HARDENED_RUNTIME = NO;
				GENERATE_INFOPLIST_FILE = NO;
				INFOPLIST_FILE = KonnectMac/Info.plist;
				INFOPLIST_KEY_NSHumanReadableCopyright = "";
				INFOPLIST_KEY_NSMainNibFile = "";
				INFOPLIST_KEY_NSPrincipalClass = NSApplication;
				LD_RUNPATH_SEARCH_PATHS = (
					"$(inherited)",
					"@executable_path/../Frameworks",
				);
				MARKETING_VERSION = 2.0;
				OTHER_LDFLAGS = (
					"-framework",
					Security,
				);
				PRODUCT_BUNDLE_IDENTIFIER = com.konnectmac.app;
				PRODUCT_NAME = KonnectMac;
				SWIFT_EMIT_LOC_STRINGS = YES;
				SWIFT_VERSION = 5.0;
			};
			name = Release;
		};
/* End XCBuildConfiguration section */

/* Begin XCConfigurationList section */
		F60000000000000000000001 /* Build configuration list for PBXProject "KonnectMac" */ = {
			isa = XCConfigurationList;
			buildConfigurations = (
				F70000000000000000000001 /* Debug */,
				F70000000000000000000002 /* Release */,
			);
			defaultConfigurationIsVisible = 0;
			defaultConfigurationName = Release;
		};
		F20000000000000000000001 /* Build configuration list for PBXNativeTarget "KonnectMac" */ = {
			isa = XCConfigurationList;
			buildConfigurations = (
				F80000000000000000000001 /* Debug */,
				F80000000000000000000002 /* Release */,
			);
			defaultConfigurationIsVisible = 0;
			defaultConfigurationName = Release;
		};
/* End XCConfigurationList section */
	};
	rootObject = F50000000000000000000001 /* Project object */;
}
